{
  "projects": [
    {
      "projectId": "hjKYmYi6HMwK6TRyk7ew5R",
      "version": "6.8.0",
      "dependencies": {},
      "lang": "ts",
      "fileLocks": [
        {
          "assetId": "hjKYmYi6HMwK6TRyk7ew5R",
          "type": "projectCss",
          "checksum": "419c1fae9873dc9eb3a8ee5d43721687"
        },
        {
          "assetId": "hjKYmYi6HMwK6TRyk7ew5R",
          "checksum": "a852c9e350a845f23f056078ffda3e4b",
          "type": "globalContexts"
        }
      ],
      "codegenVersion": "0.0.1"
    },
    {
      "projectId": "5VnySwGRBKmpnaR3N63wcy",
      "version": "latest",
      "dependencies": {
        "hjKYmYi6HMwK6TRyk7ew5R": "6.8.0"
      },
      "lang": "ts",
      "fileLocks": [
        {
          "type": "globalVariant",
          "assetId": "y4OOpP-P3O6TD",
          "checksum": "2019d1dd26651603dc9fec22d559db61"
        },
        {
          "assetId": "5VnySwGRBKmpnaR3N63wcy",
          "type": "projectCss",
          "checksum": "feeda4c05b0b1907a6bfe1952c0c395f"
        },
        {
          "assetId": "5VnySwGRBKmpnaR3N63wcy",
          "checksum": "1b7082bd5cba4bd0daf6fd69be1deadb",
          "type": "globalContexts"
        },
        {
          "type": "renderModule",
          "assetId": "T_wmH0VzCNqo",
          "checksum": "35695f3f03ca138740a9ec0ec1c91085"
        },
        {
          "type": "cssRules",
          "assetId": "T_wmH0VzCNqo",
          "checksum": "35695f3f03ca138740a9ec0ec1c91085"
        },
        {
          "type": "renderModule",
          "assetId": "2K2IQcamIFm",
          "checksum": "415178ab64ec2e177727203148cd7a61"
        },
        {
          "type": "cssRules",
          "assetId": "2K2IQcamIFm",
          "checksum": "415178ab64ec2e177727203148cd7a61"
        },
        {
          "type": "renderModule",
          "assetId": "ObQPJ3fHQ3",
          "checksum": "0e2d4de871785dc42747874f3f3ab47a"
        },
        {
          "type": "cssRules",
          "assetId": "ObQPJ3fHQ3",
          "checksum": "0e2d4de871785dc42747874f3f3ab47a"
        },
        {
          "type": "renderModule",
          "assetId": "QMEANiCVTU",
          "checksum": "1276efc9ba6600bb41f92f3ede284f38"
        },
        {
          "type": "cssRules",
          "assetId": "QMEANiCVTU",
          "checksum": "1276efc9ba6600bb41f92f3ede284f38"
        },
        {
          "type": "renderModule",
          "assetId": "0jL7M7LmiF",
          "checksum": "2f312d9c6de58aa4fcda61a5e08142da"
        },
        {
          "type": "cssRules",
          "assetId": "0jL7M7LmiF",
          "checksum": "2f312d9c6de58aa4fcda61a5e08142da"
        },
        {
          "type": "renderModule",
          "assetId": "nPoxm0oq35",
          "checksum": "44f446461bef3860eb780010ee8efbbb"
        },
        {
          "type": "cssRules",
          "assetId": "nPoxm0oq35",
          "checksum": "44f446461bef3860eb780010ee8efbbb"
        },
        {
          "type": "renderModule",
          "assetId": "JlT0pA2N8X",
          "checksum": "e11dc96ad0fc3c12dd0a56e125e51641"
        },
        {
          "type": "cssRules",
          "assetId": "JlT0pA2N8X",
          "checksum": "e11dc96ad0fc3c12dd0a56e125e51641"
        },
        {
          "type": "renderModule",
          "assetId": "VBtFIihioZ",
          "checksum": "61baa7d4d59f0209e87a99cfc7b7120d"
        },
        {
          "type": "cssRules",
          "assetId": "VBtFIihioZ",
          "checksum": "61baa7d4d59f0209e87a99cfc7b7120d"
        },
        {
          "type": "renderModule",
          "assetId": "CDeTIfElNW",
          "checksum": "da788a7e1db0ac6eebc71640623c5bdc"
        },
        {
          "type": "cssRules",
          "assetId": "CDeTIfElNW",
          "checksum": "da788a7e1db0ac6eebc71640623c5bdc"
        },
        {
          "type": "renderModule",
          "assetId": "i4UkpZ_8Of",
          "checksum": "31a81c91de4a83af33993341b3a55585"
        },
        {
          "type": "cssRules",
          "assetId": "i4UkpZ_8Of",
          "checksum": "31a81c91de4a83af33993341b3a55585"
        },
        {
          "type": "renderModule",
          "assetId": "G3xAKxPUNE",
          "checksum": "325b68ec2863718a931f78b4ecf67801"
        },
        {
          "type": "cssRules",
          "assetId": "G3xAKxPUNE",
          "checksum": "325b68ec2863718a931f78b4ecf67801"
        },
        {
          "type": "renderModule",
          "assetId": "qDmInQgC8z",
          "checksum": "6d29fbe744597e4cc2f367a4f861c990"
        },
        {
          "type": "cssRules",
          "assetId": "qDmInQgC8z",
          "checksum": "6d29fbe744597e4cc2f367a4f861c990"
        },
        {
          "type": "renderModule",
          "assetId": "mPPAlMwgHT",
          "checksum": "5f44b6c2e6714a03df7357d74e1281d5"
        },
        {
          "type": "cssRules",
          "assetId": "mPPAlMwgHT",
          "checksum": "5f44b6c2e6714a03df7357d74e1281d5"
        },
        {
          "type": "icon",
          "assetId": "ZuVfk934Gtc",
          "checksum": "47301a1b6ee59ef75883be656a238688"
        },
        {
          "type": "icon",
          "assetId": "bu03zRh4d_0",
          "checksum": "06352777bd37849a7f3ba9f802a5c242"
        },
        {
          "type": "icon",
          "assetId": "5VdRTlS3g",
          "checksum": "be258ab9d01e4f1776ccff97a92971c1"
        },
        {
          "type": "icon",
          "assetId": "OnIlz_C55",
          "checksum": "6e4847c10d89a59d47cda3dfb1dfc980"
        },
        {
          "type": "icon",
          "assetId": "-FyJ_OTLL",
          "checksum": "6683161f4921693e2e532fecc0e09eb9"
        },
        {
          "type": "icon",
          "assetId": "ULoaFsFVk",
          "checksum": "f74996df5e971098cb25391de2fe4f26"
        },
        {
          "type": "image",
          "assetId": "4Osb55W1E",
          "checksum": "a5534a8df5c9c8d93ae8c366c4fb91b9"
        },
        {
          "type": "image",
          "assetId": "wLtlMNkGM",
          "checksum": "03625b389c395e8799ac97c9d67dbbfc"
        }
      ],
      "codegenVersion": "0.0.1"
    }
  ],
  "cliVersion": "0.1.187"
}
